
Microsoft Visual Studio Solution File, Format Version 12.00
# Visual Studio Version 17
VisualStudioVersion = 17.5.33627.172
MinimumVisualStudioVersion = 10.0.40219.1
Project("{FAE04EC0-301F-11D3-BF4B-00C04F79EFBC}") = "Lab_5q2", "Lab_5q2.csproj", "{3E8033A3-DE26-4951-A2EE-1FC87EF30B16}"
EndProject
Global
	GlobalSection(SolutionConfigurationPlatforms) = preSolution
		Debug|Any CPU = Debug|Any CPU
		Release|Any CPU = Release|Any CPU
	EndGlobalSection
	GlobalSection(ProjectConfigurationPlatforms) = postSolution
		{3E8033A3-DE26-4951-A2EE-1FC87EF30B16}.Debug|Any CPU.ActiveCfg = Debug|Any CPU
		{3E8033A3-DE26-4951-A2EE-1FC87EF30B16}.Debug|Any CPU.Build.0 = Debug|Any CPU
		{3E8033A3-DE26-4951-A2EE-1FC87EF30B16}.Release|Any CPU.ActiveCfg = Release|Any CPU
		{3E8033A3-DE26-4951-A2EE-1FC87EF30B16}.Release|Any CPU.Build.0 = Release|Any CPU
	EndGlobalSection
	GlobalSection(SolutionProperties) = preSolution
		HideSolutionNode = FALSE
	EndGlobalSection
	GlobalSection(ExtensibilityGlobals) = postSolution
		SolutionGuid = {EF1E7114-3640-498A-BE74-4ECB227F0A07}
	EndGlobalSection
EndGlobal
